
Microsoft Visual Studio Solution File, Format Version 12.00
# Visual Studio Version 16
VisualStudioVersion = 16.0.32002.261
MinimumVisualStudioVersion = 10.0.40219.1
Project("{FAE04EC0-301F-11D3-BF4B-00C04F79EFBC}") = "SB.UI", "SB.UI\SB.UI.csproj", "{B4C88DD9-A59A-4BD9-A426-F5B97A01C2D6}"
EndProject
Project("{FAE04EC0-301F-11D3-BF4B-00C04F79EFBC}") = "SB.Backend", "SB.Backend\SB.Backend.csproj", "{E3BD6F84-20F5-4199-8A65-99D5E4BD7294}"
EndProject
Global
	GlobalSection(SolutionConfigurationPlatforms) = preSolution
		Debug|Any CPU = Debug|Any CPU
		Release|Any CPU = Release|Any CPU
	EndGlobalSection
	GlobalSection(ProjectConfigurationPlatforms) = postSolution
		{B4C88DD9-A59A-4BD9-A426-F5B97A01C2D6}.Debug|Any CPU.ActiveCfg = Debug|Any CPU
		{B4C88DD9-A59A-4BD9-A426-F5B97A01C2D6}.Debug|Any CPU.Build.0 = Debug|Any CPU
		{B4C88DD9-A59A-4BD9-A426-F5B97A01C2D6}.Release|Any CPU.ActiveCfg = Release|Any CPU
		{B4C88DD9-A59A-4BD9-A426-F5B97A01C2D6}.Release|Any CPU.Build.0 = Release|Any CPU
		{E3BD6F84-20F5-4199-8A65-99D5E4BD7294}.Debug|Any CPU.ActiveCfg = Debug|Any CPU
		{E3BD6F84-20F5-4199-8A65-99D5E4BD7294}.Debug|Any CPU.Build.0 = Debug|Any CPU
		{E3BD6F84-20F5-4199-8A65-99D5E4BD7294}.Release|Any CPU.ActiveCfg = Release|Any CPU
		{E3BD6F84-20F5-4199-8A65-99D5E4BD7294}.Release|Any CPU.Build.0 = Release|Any CPU
	EndGlobalSection
	GlobalSection(SolutionProperties) = preSolution
		HideSolutionNode = FALSE
	EndGlobalSection
	GlobalSection(ExtensibilityGlobals) = postSolution
		SolutionGuid = {1F0B5B30-150B-48F7-A511-BF63C92BFAD0}
	EndGlobalSection
EndGlobal
